
Microsoft Visual Studio Solution File, Format Version 12.00
# Visual Studio Version 17
VisualStudioVersion = 17.10.35013.160
MinimumVisualStudioVersion = 10.0.40219.1
Project("{9A19103F-16F7-4668-BE54-9A1E7A4F7556}") = "FioBankApiClient", "FioBankApiClient\FioBankApiClient.csproj", "{91A3B878-D968-4EC6-A670-47116912AFCA}"
EndProject
Project("{9A19103F-16F7-4668-BE54-9A1E7A4F7556}") = "Samples", "Samples\Samples.csproj", "{BEA4706C-2438-45D9-A8ED-7C2A3EEC7623}"
EndProject
Global
	GlobalSection(SolutionConfigurationPlatforms) = preSolution
		Debug|Any CPU = Debug|Any CPU
		Release|Any CPU = Release|Any CPU
	EndGlobalSection
	GlobalSection(ProjectConfigurationPlatforms) = postSolution
		{91A3B878-D968-4EC6-A670-47116912AFCA}.Debug|Any CPU.ActiveCfg = Debug|Any CPU
		{91A3B878-D968-4EC6-A670-47116912AFCA}.Debug|Any CPU.Build.0 = Debug|Any CPU
		{91A3B878-D968-4EC6-A670-47116912AFCA}.Release|Any CPU.ActiveCfg = Release|Any CPU
		{91A3B878-D968-4EC6-A670-47116912AFCA}.Release|Any CPU.Build.0 = Release|Any CPU
		{BEA4706C-2438-45D9-A8ED-7C2A3EEC7623}.Debug|Any CPU.ActiveCfg = Debug|Any CPU
		{BEA4706C-2438-45D9-A8ED-7C2A3EEC7623}.Debug|Any CPU.Build.0 = Debug|Any CPU
		{BEA4706C-2438-45D9-A8ED-7C2A3EEC7623}.Release|Any CPU.ActiveCfg = Release|Any CPU
		{BEA4706C-2438-45D9-A8ED-7C2A3EEC7623}.Release|Any CPU.Build.0 = Release|Any CPU
	EndGlobalSection
	GlobalSection(SolutionProperties) = preSolution
		HideSolutionNode = FALSE
	EndGlobalSection
	GlobalSection(ExtensibilityGlobals) = postSolution
		SolutionGuid = {F8744F63-74E9-4617-B0BA-0CC9FBC993B7}
	EndGlobalSection
EndGlobal
